
Microsoft Visual Studio Solution File, Format Version 12.00
# Visual Studio Version 17
VisualStudioVersion = 17.11.35222.181
MinimumVisualStudioVersion = 10.0.40219.1
Project("{8BC9CEB8-8B4A-11D0-8D11-00A0C91BC942}") = "conceptcheck", "conceptcheck.vcxproj", "{56B1FF56-18C3-427E-ADDC-FD7ED1CFD158}"
EndProject
Global
	GlobalSection(SolutionConfigurationPlatforms) = preSolution
		Debug|x64 = Debug|x64
		Debug|x86 = Debug|x86
		Release|x64 = Release|x64
		Release|x86 = Release|x86
	EndGlobalSection
	GlobalSection(ProjectConfigurationPlatforms) = postSolution
		{56B1FF56-18C3-427E-ADDC-FD7ED1CFD158}.Debug|x64.ActiveCfg = Debug|x64
		{56B1FF56-18C3-427E-ADDC-FD7ED1CFD158}.Debug|x64.Build.0 = Debug|x64
		{56B1FF56-18C3-427E-ADDC-FD7ED1CFD158}.Debug|x86.ActiveCfg = Debug|Win32
		{56B1FF56-18C3-427E-ADDC-FD7ED1CFD158}.Debug|x86.Build.0 = Debug|Win32
		{56B1FF56-18C3-427E-ADDC-FD7ED1CFD158}.Release|x64.ActiveCfg = Release|x64
		{56B1FF56-18C3-427E-ADDC-FD7ED1CFD158}.Release|x64.Build.0 = Release|x64
		{56B1FF56-18C3-427E-ADDC-FD7ED1CFD158}.Release|x86.ActiveCfg = Release|Win32
		{56B1FF56-18C3-427E-ADDC-FD7ED1CFD158}.Release|x86.Build.0 = Release|Win32
	EndGlobalSection
	GlobalSection(SolutionProperties) = preSolution
		HideSolutionNode = FALSE
	EndGlobalSection
	GlobalSection(ExtensibilityGlobals) = postSolution
		SolutionGuid = {92E54FB8-C229-4CEB-B57A-035FB060FAF0}
	EndGlobalSection
EndGlobal
